# THIS IS AN AUTOGENERATED FILE. DO NOT EDIT THIS FILE DIRECTLY.
# yarn lockfile v1


"@mrmld/m-di@1.0.7":
  version "1.0.7"
  resolved "https://registry.yarnpkg.com/@mrmld/m-di/-/m-di-1.0.7.tgz#d00ff928bb66390d3acac380f4ae7005056ae688"
  integrity sha512-PUDLM2y+2IaQtb+IDZEZ6lQMPZJ3kn6RT8YyVnnMjY1f8NblBBlixsG+YYPH9NvlkcKqzlT59yC0Y2g0i2X4cw==
